// !$*UTF8*$!
{
	archiveVersion = 1;
	classes = {
	};
	objectVersion = 46;
	objects = {

/* Begin PBXBuildFile section */
		7E92971618F4C24100734F0D /* Foundation.framework in Frameworks */ = {isa = PBXBuildFile; fileRef = 7E92971518F4C24100734F0D /* Foundation.framework */; };
		7E92971818F4C24100734F0D /* CoreGraphics.framework in Frameworks */ = {isa = PBXBuildFile; fileRef = 7E92971718F4C24100734F0D /* CoreGraphics.framework */; };
		7E92971A18F4C24100734F0D /* UIKit.framework in Frameworks */ = {isa = PBXBuildFile; fileRef = 7E92971918F4C24100734F0D /* UIKit.framework */; };
		7E92972018F4C24100734F0D /* InfoPlist.strings in Resources */ = {isa = PBXBuildFile; fileRef = 7E92971E18F4C24100734F0D /* InfoPlist.strings */; };
		7E92972218F4C24100734F0D /* main.m in Sources */ = {isa = PBXBuildFile; fileRef = 7E92972118F4C24100734F0D /* main.m */; };
		7E92972618F4C24100734F0D /* AYWAppDelegate.m in Sources */ = {isa = PBXBuildFile; fileRef = 7E92972518F4C24100734F0D /* AYWAppDelegate.m */; };
		7E92972918F4C24100734F0D /* Main.storyboard in Resources */ = {isa = PBXBuildFile; fileRef = 7E92972718F4C24100734F0D /* Main.storyboard */; };
		7E92972C18F4C24100734F0D /* AYWViewController.m in Sources */ = {isa = PBXBuildFile; fileRef = 7E92972B18F4C24100734F0D /* AYWViewController.m */; };
		7E92972E18F4C24100734F0D /* Images.xcassets in Resources */ = {isa = PBXBuildFile; fileRef = 7E92972D18F4C24100734F0D /* Images.xcassets */; };
		7E92973518F4C24200734F0D /* XCTest.framework in Frameworks */ = {isa = PBXBuildFile; fileRef = 7E92973418F4C24200734F0D /* XCTest.framework */; };
		7E92973618F4C24200734F0D /* Foundation.framework in Frameworks */ = {isa = PBXBuildFile; fileRef = 7E92971518F4C24100734F0D /* Foundation.framework */; };
		7E92973718F4C24200734F0D /* UIKit.framework in Frameworks */ = {isa = PBXBuildFile; fileRef = 7E92971918F4C24100734F0D /* UIKit.framework */; };
		7E92973F18F4C24200734F0D /* InfoPlist.strings in Resources */ = {isa = PBXBuildFile; fileRef = 7E92973D18F4C24200734F0D /* InfoPlist.strings */; };
		7E92974118F4C24200734F0D /* UITableViewController_BasicsTests.m in Sources */ = {isa = PBXBuildFile; fileRef = 7E92974018F4C24200734F0D /* UITableViewController_BasicsTests.m */; };
/* End PBXBuildFile section */

/* Begin PBXContainerItemProxy section */
		7E92973818F4C24200734F0D /* PBXContainerItemProxy */ = {
			isa = PBXContainerItemProxy;
			containerPortal = 7E92970A18F4C24100734F0D /* Project object */;
			proxyType = 1;
			remoteGlobalIDString = 7E92971118F4C24100734F0D;
			remoteInfo = "UITableViewController Basics";
		};
/* End PBXContainerItemProxy section */

/* Begin PBXFileReference section */
		7E92971218F4C24100734F0D /* UITableViewController Basics.app */ = {isa = PBXFileReference; explicitFileType = wrapper.application; includeInIndex = 0; path = "UITableViewController Basics.app"; sourceTree = BUILT_PRODUCTS_DIR; };
		7E92971518F4C24100734F0D /* Foundation.framework */ = {isa = PBXFileReference; lastKnownFileType = wrapper.framework; name = Foundation.framework; path = System/Library/Frameworks/Foundation.framework; sourceTree = SDKROOT; };
		7E92971718F4C24100734F0D /* CoreGraphics.framework */ = {isa = PBXFileReference; lastKnownFileType = wrapper.framework; name = CoreGraphics.framework; path = System/Library/Frameworks/CoreGraphics.framework; sourceTree = SDKROOT; };
		7E92971918F4C24100734F0D /* UIKit.framework */ = {isa = PBXFileReference; lastKnownFileType = wrapper.framework; name = UIKit.framework; path = System/Library/Frameworks/UIKit.framework; sourceTree = SDKROOT; };
		7E92971D18F4C24100734F0D /* UITableViewController Basics-Info.plist */ = {isa = PBXFileReference; lastKnownFileType = text.plist.xml; path = "UITableViewController Basics-Info.plist"; sourceTree = "<group>"; };
		7E92971F18F4C24100734F0D /* en */ = {isa = PBXFileReference; lastKnownFileType = text.plist.strings; name = en; path = en.lproj/InfoPlist.strings; sourceTree = "<group>"; };
		7E92972118F4C24100734F0D /* main.m */ = {isa = PBXFileReference; lastKnownFileType = sourcecode.c.objc; path = main.m; sourceTree = "<group>"; };
		7E92972318F4C24100734F0D /* UITableViewController Basics-Prefix.pch */ = {isa = PBXFileReference; lastKnownFileType = sourcecode.c.h; path = "UITableViewController Basics-Prefix.pch"; sourceTree = "<group>"; };
		7E92972418F4C24100734F0D /* AYWAppDelegate.h */ = {isa = PBXFileReference; lastKnownFileType = sourcecode.c.h; path = AYWAppDelegate.h; sourceTree = "<group>"; };
		7E92972518F4C24100734F0D /* AYWAppDelegate.m */ = {isa = PBXFileReference; lastKnownFileType = sourcecode.c.objc; path = AYWAppDelegate.m; sourceTree = "<group>"; };
		7E92972818F4C24100734F0D /* Base */ = {isa = PBXFileReference; lastKnownFileType = file.storyboard; name = Base; path = Base.lproj/Main.storyboard; sourceTree = "<group>"; };
		7E92972A18F4C24100734F0D /* AYWViewController.h */ = {isa = PBXFileReference; lastKnownFileType = sourcecode.c.h; path = AYWViewController.h; sourceTree = "<group>"; };
		7E92972B18F4C24100734F0D /* AYWViewController.m */ = {isa = PBXFileReference; lastKnownFileType = sourcecode.c.objc; path = AYWViewController.m; sourceTree = "<group>"; };
		7E92972D18F4C24100734F0D /* Images.xcassets */ = {isa = PBXFileReference; lastKnownFileType = folder.assetcatalog; path = Images.xcassets; sourceTree = "<group>"; };
		7E92973318F4C24200734F0D /* UITableViewController BasicsTests.xctest */ = {isa = PBXFileReference; explicitFileType = wrapper.cfbundle; includeInIndex = 0; path = "UITableViewController BasicsTests.xctest"; sourceTree = BUILT_PRODUCTS_DIR; };
		7E92973418F4C24200734F0D /* XCTest.framework */ = {isa = PBXFileReference; lastKnownFileType = wrapper.framework; name = XCTest.framework; path = Library/Frameworks/XCTest.framework; sourceTree = DEVELOPER_DIR; };
		7E92973C18F4C24200734F0D /* UITableViewController BasicsTests-Info.plist */ = {isa = PBXFileReference; lastKnownFileType = text.plist.xml; path = "UITableViewController BasicsTests-Info.plist"; sourceTree = "<group>"; };
		7E92973E18F4C24200734F0D /* en */ = {isa = PBXFileReference; lastKnownFileType = text.plist.strings; name = en; path = en.lproj/InfoPlist.strings; sourceTree = "<group>"; };
		7E92974018F4C24200734F0D /* UITableViewController_BasicsTests.m */ = {isa = PBXFileReference; lastKnownFileType = sourcecode.c.objc; path = UITableViewController_BasicsTests.m; sourceTree = "<group>"; };
/* End PBXFileReference section */

/* Begin PBXFrameworksBuildPhase section */
		7E92970F18F4C24100734F0D /* Frameworks */ = {
			isa = PBXFrameworksBuildPhase;
			buildActionMask = 2147483647;
			files = (
				7E92971818F4C24100734F0D /* CoreGraphics.framework in Frameworks */,
				7E92971A18F4C24100734F0D /* UIKit.framework in Frameworks */,
				7E92971618F4C24100734F0D /* Foundation.framework in Frameworks */,
			);
			runOnlyForDeploymentPostprocessing = 0;
		};
		7E92973018F4C24200734F0D /* Frameworks */ = {
			isa = PBXFrameworksBuildPhase;
			buildActionMask = 2147483647;
			files = (
				7E92973518F4C24200734F0D /* XCTest.framework in Frameworks */,
				7E92973718F4C24200734F0D /* UIKit.framework in Frameworks */,
				7E92973618F4C24200734F0D /* Foundation.framework in Frameworks */,
			);
			runOnlyForDeploymentPostprocessing = 0;
		};
/* End PBXFrameworksBuildPhase section */

/* Begin PBXGroup section */
		7E92970918F4C24100734F0D = {
			isa = PBXGroup;
			children = (
				7E92971B18F4C24100734F0D /* UITableViewController Basics */,
				7E92973A18F4C24200734F0D /* UITableViewController BasicsTests */,
				7E92971418F4C24100734F0D /* Frameworks */,
				7E92971318F4C24100734F0D /* Products */,
			);
			sourceTree = "<group>";
		};
		7E92971318F4C24100734F0D /* Products */ = {
			isa = PBXGroup;
			children = (
				7E92971218F4C24100734F0D /* UITableViewController Basics.app */,
				7E92973318F4C24200734F0D /* UITableViewController BasicsTests.xctest */,
			);
			name = Products;
			sourceTree = "<group>";
		};
		7E92971418F4C24100734F0D /* Frameworks */ = {
			isa = PBXGroup;
			children = (
				7E92971518F4C24100734F0D /* Foundation.framework */,
				7E92971718F4C24100734F0D /* CoreGraphics.framework */,
				7E92971918F4C24100734F0D /* UIKit.framework */,
				7E92973418F4C24200734F0D /* XCTest.framework */,
			);
			name = Frameworks;
			sourceTree = "<group>";
		};
		7E92971B18F4C24100734F0D /* UITableViewController Basics */ = {
			isa = PBXGroup;
			children = (
				7E92972418F4C24100734F0D /* AYWAppDelegate.h */,
				7E92972518F4C24100734F0D /* AYWAppDelegate.m */,
				7E92972718F4C24100734F0D /* Main.storyboard */,
				7E92972A18F4C24100734F0D /* AYWViewController.h */,
				7E92972B18F4C24100734F0D /* AYWViewController.m */,
				7E92972D18F4C24100734F0D /* Images.xcassets */,
				7E92971C18F4C24100734F0D /* Supporting Files */,
			);
			path = "UITableViewController Basics";
			sourceTree = "<group>";
		};
		7E92971C18F4C24100734F0D /* Supporting Files */ = {
			isa = PBXGroup;
			children = (
				7E92971D18F4C24100734F0D /* UITableViewController Basics-Info.plist */,
				7E92971E18F4C24100734F0D /* InfoPlist.strings */,
				7E92972118F4C24100734F0D /* main.m */,
				7E92972318F4C24100734F0D /* UITableViewController Basics-Prefix.pch */,
			);
			name = "Supporting Files";
			sourceTree = "<group>";
		};
		7E92973A18F4C24200734F0D /* UITableViewController BasicsTests */ = {
			isa = PBXGroup;
			children = (
				7E92974018F4C24200734F0D /* UITableViewController_BasicsTests.m */,
				7E92973B18F4C24200734F0D /* Supporting Files */,
			);
			path = "UITableViewController BasicsTests";
			sourceTree = "<group>";
		};
		7E92973B18F4C24200734F0D /* Supporting Files */ = {
			isa = PBXGroup;
			children = (
				7E92973C18F4C24200734F0D /* UITableViewController BasicsTests-Info.plist */,
				7E92973D18F4C24200734F0D /* InfoPlist.strings */,
			);
			name = "Supporting Files";
			sourceTree = "<group>";
		};
/* End PBXGroup section */

/* Begin PBXNativeTarget section */
		7E92971118F4C24100734F0D /* UITableViewController Basics */ = {
			isa = PBXNativeTarget;
			buildConfigurationList = 7E92974418F4C24200734F0D /* Build configuration list for PBXNativeTarget "UITableViewController Basics" */;
			buildPhases = (
				7E92970E18F4C24100734F0D /* Sources */,
				7E92970F18F4C24100734F0D /* Frameworks */,
				7E92971018F4C24100734F0D /* Resources */,
			);
			buildRules = (
			);
			dependencies = (
			);
			name = "UITableViewController Basics";
			productName = "UITableViewController Basics";
			productReference = 7E92971218F4C24100734F0D /* UITableViewController Basics.app */;
			productType = "com.apple.product-type.application";
		};
		7E92973218F4C24200734F0D /* UITableViewController BasicsTests */ = {
			isa = PBXNativeTarget;
			buildConfigurationList = 7E92974718F4C24200734F0D /* Build configuration list for PBXNativeTarget "UITableViewController BasicsTests" */;
			buildPhases = (
				7E92972F18F4C24200734F0D /* Sources */,
				7E92973018F4C24200734F0D /* Frameworks */,
				7E92973118F4C24200734F0D /* Resources */,
			);
			buildRules = (
			);
			dependencies = (
				7E92973918F4C24200734F0D /* PBXTargetDependency */,
			);
			name = "UITableViewController BasicsTests";
			productName = "UITableViewController BasicsTests";
			productReference = 7E92973318F4C24200734F0D /* UITableViewController BasicsTests.xctest */;
			productType = "com.apple.product-type.bundle.unit-test";
		};
/* End PBXNativeTarget section */

/* Begin PBXProject section */
		7E92970A18F4C24100734F0D /* Project object */ = {
			isa = PBXProject;
			attributes = {
				CLASSPREFIX = AYW;
				LastUpgradeCheck = 0510;
				ORGANIZATIONNAME = "Art Wong";
				TargetAttributes = {
					7E92973218F4C24200734F0D = {
						TestTargetID = 7E92971118F4C24100734F0D;
					};
				};
			};
			buildConfigurationList = 7E92970D18F4C24100734F0D /* Build configuration list for PBXProject "UITableViewController Basics" */;
			compatibilityVersion = "Xcode 3.2";
			developmentRegion = English;
			hasScannedForEncodings = 0;
			knownRegions = (
				en,
				Base,
			);
			mainGroup = 7E92970918F4C24100734F0D;
			productRefGroup = 7E92971318F4C24100734F0D /* Products */;
			projectDirPath = "";
			projectRoot = "";
			targets = (
				7E92971118F4C24100734F0D /* UITableViewController Basics */,
				7E92973218F4C24200734F0D /* UITableViewController BasicsTests */,
			);
		};
/* End PBXProject section */

/* Begin PBXResourcesBuildPhase section */
		7E92971018F4C24100734F0D /* Resources */ = {
			isa = PBXResourcesBuildPhase;
			buildActionMask = 2147483647;
			files = (
				7E92972E18F4C24100734F0D /* Images.xcassets in Resources */,
				7E92972018F4C24100734F0D /* InfoPlist.strings in Resources */,
				7E92972918F4C24100734F0D /* Main.storyboard in Resources */,
			);
			runOnlyForDeploymentPostprocessing = 0;
		};
		7E92973118F4C24200734F0D /* Resources */ = {
			isa = PBXResourcesBuildPhase;
			buildActionMask = 2147483647;
			files = (
				7E92973F18F4C24200734F0D /* InfoPlist.strings in Resources */,
			);
			runOnlyForDeploymentPostprocessing = 0;
		};
/* End PBXResourcesBuildPhase section */

/* Begin PBXSourcesBuildPhase section */
		7E92970E18F4C24100734F0D /* Sources */ = {
			isa = PBXSourcesBuildPhase;
			buildActionMask = 2147483647;
			files = (
				7E92972C18F4C24100734F0D /* AYWViewController.m in Sources */,
				7E92972618F4C24100734F0D /* AYWAppDelegate.m in Sources */,
				7E92972218F4C24100734F0D /* main.m in Sources */,
			);
			runOnlyForDeploymentPostprocessing = 0;
		};
		7E92972F18F4C24200734F0D /* Sources */ = {
			isa = PBXSourcesBuildPhase;
			buildActionMask = 2147483647;
			files = (
				7E92974118F4C24200734F0D /* UITableViewController_BasicsTests.m in Sources */,
			);
			runOnlyForDeploymentPostprocessing = 0;
		};
/* End PBXSourcesBuildPhase section */

/* Begin PBXTargetDependency section */
		7E92973918F4C24200734F0D /* PBXTargetDependency */ = {
			isa = PBXTargetDependency;
			target = 7E92971118F4C24100734F0D /* UITableViewController Basics */;
			targetProxy = 7E92973818F4C24200734F0D /* PBXContainerItemProxy */;
		};
/* End PBXTargetDependency section */

/* Begin PBXVariantGroup section */
		7E92971E18F4C24100734F0D /* InfoPlist.strings */ = {
			isa = PBXVariantGroup;
			children = (
				7E92971F18F4C24100734F0D /* en */,
			);
			name = InfoPlist.strings;
			sourceTree = "<group>";
		};
		7E92972718F4C24100734F0D /* Main.storyboard */ = {
			isa = PBXVariantGroup;
			children = (
				7E92972818F4C24100734F0D /* Base */,
			);
			name = Main.storyboard;
			sourceTree = "<group>";
		};
		7E92973D18F4C24200734F0D /* InfoPlist.strings */ = {
			isa = PBXVariantGroup;
			children = (
				7E92973E18F4C24200734F0D /* en */,
			);
			name = InfoPlist.strings;
			sourceTree = "<group>";
		};
/* End PBXVariantGroup section */

/* Begin XCBuildConfiguration section */
		7E92974218F4C24200734F0D /* Debug */ = {
			isa = XCBuildConfiguration;
			buildSettings = {
				ALWAYS_SEARCH_USER_PATHS = NO;
				CLANG_CXX_LANGUAGE_STANDARD = "gnu++0x";
				CLANG_CXX_LIBRARY = "libc++";
				CLANG_ENABLE_MODULES = YES;
				CLANG_ENABLE_OBJC_ARC = YES;
				CLANG_WARN_BOOL_CONVERSION = YES;
				CLANG_WARN_CONSTANT_CONVERSION = YES;
				CLANG_WARN_DIRECT_OBJC_ISA_USAGE = YES_ERROR;
				CLANG_WARN_EMPTY_BODY = YES;
				CLANG_WARN_ENUM_CONVERSION = YES;
				CLANG_WARN_INT_CONVERSION = YES;
				CLANG_WARN_OBJC_ROOT_CLASS = YES_ERROR;
				CLANG_WARN__DUPLICATE_METHOD_MATCH = YES;
				"CODE_SIGN_IDENTITY[sdk=iphoneos*]" = "iPhone Developer";
				COPY_PHASE_STRIP = NO;
				GCC_C_LANGUAGE_STANDARD = gnu99;
				GCC_DYNAMIC_NO_PIC = NO;
				GCC_OPTIMIZATION_LEVEL = 0;
				GCC_PREPROCESSOR_DEFINITIONS = (
					"DEBUG=1",
					"$(inherited)",
				);
				GCC_SYMBOLS_PRIVATE_EXTERN = NO;
				GCC_WARN_64_TO_32_BIT_CONVERSION = YES;
				GCC_WARN_ABOUT_RETURN_TYPE = YES_ERROR;
				GCC_WARN_UNDECLARED_SELECTOR = YES;
				GCC_WARN_UNINITIALIZED_AUTOS = YES_AGGRESSIVE;
				GCC_WARN_UNUSED_FUNCTION = YES;
				GCC_WARN_UNUSED_VARIABLE = YES;
				IPHONEOS_DEPLOYMENT_TARGET = 7.1;
				ONLY_ACTIVE_ARCH = YES;
				SDKROOT = iphoneos;
			};
			name = Debug;
		};
		7E92974318F4C24200734F0D /* Release */ = {
			isa = XCBuildConfiguration;
			buildSettings = {
				ALWAYS_SEARCH_USER_PATHS = NO;
				CLANG_CXX_LANGUAGE_STANDARD = "gnu++0x";
				CLANG_CXX_LIBRARY = "libc++";
				CLANG_ENABLE_MODULES = YES;
				CLANG_ENABLE_OBJC_ARC = YES;
				CLANG_WARN_BOOL_CONVERSION = YES;
				CLANG_WARN_CONSTANT_CONVERSION = YES;
				CLANG_WARN_DIRECT_OBJC_ISA_USAGE = YES_ERROR;
				CLANG_WARN_EMPTY_BODY = YES;
				CLANG_WARN_ENUM_CONVERSION = YES;
				CLANG_WARN_INT_CONVERSION = YES;
				CLANG_WARN_OBJC_ROOT_CLASS = YES_ERROR;
				CLANG_WARN__DUPLICATE_METHOD_MATCH = YES;
				"CODE_SIGN_IDENTITY[sdk=iphoneos*]" = "iPhone Developer";
				COPY_PHASE_STRIP = YES;
				ENABLE_NS_ASSERTIONS = NO;
				GCC_C_LANGUAGE_STANDARD = gnu99;
				GCC_WARN_64_TO_32_BIT_CONVERSION = YES;
				GCC_WARN_ABOUT_RETURN_TYPE = YES_ERROR;
				GCC_WARN_UNDECLARED_SELECTOR = YES;
				GCC_WARN_UNINITIALIZED_AUTOS = YES_AGGRESSIVE;
				GCC_WARN_UNUSED_FUNCTION = YES;
				GCC_WARN_UNUSED_VARIABLE = YES;
				IPHONEOS_DEPLOYMENT_TARGET = 7.1;
				SDKROOT = iphoneos;
				VALIDATE_PRODUCT = YES;
			};
			name = Release;
		};
		7E92974518F4C24200734F0D /* Debug */ = {
			isa = XCBuildConfiguration;
			buildSettings = {
				ASSETCATALOG_COMPILER_APPICON_NAME = AppIcon;
				ASSETCATALOG_COMPILER_LAUNCHIMAGE_NAME = LaunchImage;
				GCC_PRECOMPILE_PREFIX_HEADER = YES;
				GCC_PREFIX_HEADER = "UITableViewController Basics/UITableViewController Basics-Prefix.pch";
				INFOPLIST_FILE = "UITableViewController Basics/UITableViewController Basics-Info.plist";
				PRODUCT_NAME = "$(TARGET_NAME)";
				WRAPPER_EXTENSION = app;
			};
			name = Debug;
		};
		7E92974618F4C24200734F0D /* Release */ = {
			isa = XCBuildConfiguration;
			buildSettings = {
				ASSETCATALOG_COMPILER_APPICON_NAME = AppIcon;
				ASSETCATALOG_COMPILER_LAUNCHIMAGE_NAME = LaunchImage;
				GCC_PRECOMPILE_PREFIX_HEADER = YES;
				GCC_PREFIX_HEADER = "UITableViewController Basics/UITableViewController Basics-Prefix.pch";
				INFOPLIST_FILE = "UITableViewController Basics/UITableViewController Basics-Info.plist";
				PRODUCT_NAME = "$(TARGET_NAME)";
				WRAPPER_EXTENSION = app;
			};
			name = Release;
		};
		7E92974818F4C24200734F0D /* Debug */ = {
			isa = XCBuildConfiguration;
			buildSettings = {
				BUNDLE_LOADER = "$(BUILT_PRODUCTS_DIR)/UITableViewController Basics.app/UITableViewController Basics";
				FRAMEWORK_SEARCH_PATHS = (
					"$(SDKROOT)/Developer/Library/Frameworks",
					"$(inherited)",
					"$(DEVELOPER_FRAMEWORKS_DIR)",
				);
				GCC_PRECOMPILE_PREFIX_HEADER = YES;
				GCC_PREFIX_HEADER = "UITableViewController Basics/UITableViewController Basics-Prefix.pch";
				GCC_PREPROCESSOR_DEFINITIONS = (
					"DEBUG=1",
					"$(inherited)",
				);
				INFOPLIST_FILE = "UITableViewController BasicsTests/UITableViewController BasicsTests-Info.plist";
				PRODUCT_NAME = "$(TARGET_NAME)";
				TEST_HOST = "$(BUNDLE_LOADER)";
				WRAPPER_EXTENSION = xctest;
			};
			name = Debug;
		};
		7E92974918F4C24200734F0D /* Release */ = {
			isa = XCBuildConfiguration;
			buildSettings = {
				BUNDLE_LOADER = "$(BUILT_PRODUCTS_DIR)/UITableViewController Basics.app/UITableViewController Basics";
				FRAMEWORK_SEARCH_PATHS = (
					"$(SDKROOT)/Developer/Library/Frameworks",
					"$(inherited)",
					"$(DEVELOPER_FRAMEWORKS_DIR)",
				);
				GCC_PRECOMPILE_PREFIX_HEADER = YES;
				GCC_PREFIX_HEADER = "UITableViewController Basics/UITableViewController Basics-Prefix.pch";
				INFOPLIST_FILE = "UITableViewController BasicsTests/UITableViewController BasicsTests-Info.plist";
				PRODUCT_NAME = "$(TARGET_NAME)";
				TEST_HOST = "$(BUNDLE_LOADER)";
				WRAPPER_EXTENSION = xctest;
			};
			name = Release;
		};
/* End XCBuildConfiguration section */

/* Begin XCConfigurationList section */
		7E92970D18F4C24100734F0D /* Build configuration list for PBXProject "UITableViewController Basics" */ = {
			isa = XCConfigurationList;
			buildConfigurations = (
				7E92974218F4C24200734F0D /* Debug */,
				7E92974318F4C24200734F0D /* Release */,
			);
			defaultConfigurationIsVisible = 0;
			defaultConfigurationName = Release;
		};
		7E92974418F4C24200734F0D /* Build configuration list for PBXNativeTarget "UITableViewController Basics" */ = {
			isa = XCConfigurationList;
			buildConfigurations = (
				7E92974518F4C24200734F0D /* Debug */,
				7E92974618F4C24200734F0D /* Release */,
			);
			defaultConfigurationIsVisible = 0;
		};
		7E92974718F4C24200734F0D /* Build configuration list for PBXNativeTarget "UITableViewController BasicsTests" */ = {
			isa = XCConfigurationList;
			buildConfigurations = (
				7E92974818F4C24200734F0D /* Debug */,
				7E92974918F4C24200734F0D /* Release */,
			);
			defaultConfigurationIsVisible = 0;
		};
/* End XCConfigurationList section */
	};
	rootObject = 7E92970A18F4C24100734F0D /* Project object */;
}
